
Microsoft Visual Studio Solution File, Format Version 12.00
# Visual Studio Version 16
VisualStudioVersion = 16.0.29728.190
MinimumVisualStudioVersion = 10.0.40219.1
Project("{FAE04EC0-301F-11D3-BF4B-00C04F79EFBC}") = "UMLDiagram", "UMLDiagram\UMLDiagram.csproj", "{8536D295-1178-40EE-8310-26B6B00AEF9A}"
EndProject
Project("{FAE04EC0-301F-11D3-BF4B-00C04F79EFBC}") = "UMLDiagramTests", "UMLDiagramTests\UMLDiagramTests.csproj", "{B1619EB4-446A-4263-8940-886DAF1BAD7D}"
EndProject
Global
	GlobalSection(SolutionConfigurationPlatforms) = preSolution
		Debug|Any CPU = Debug|Any CPU
		Release|Any CPU = Release|Any CPU
	EndGlobalSection
	GlobalSection(ProjectConfigurationPlatforms) = postSolution
		{8536D295-1178-40EE-8310-26B6B00AEF9A}.Debug|Any CPU.ActiveCfg = Debug|Any CPU
		{8536D295-1178-40EE-8310-26B6B00AEF9A}.Debug|Any CPU.Build.0 = Debug|Any CPU
		{8536D295-1178-40EE-8310-26B6B00AEF9A}.Release|Any CPU.ActiveCfg = Release|Any CPU
		{8536D295-1178-40EE-8310-26B6B00AEF9A}.Release|Any CPU.Build.0 = Release|Any CPU
		{B1619EB4-446A-4263-8940-886DAF1BAD7D}.Debug|Any CPU.ActiveCfg = Debug|Any CPU
		{B1619EB4-446A-4263-8940-886DAF1BAD7D}.Debug|Any CPU.Build.0 = Debug|Any CPU
		{B1619EB4-446A-4263-8940-886DAF1BAD7D}.Release|Any CPU.ActiveCfg = Release|Any CPU
		{B1619EB4-446A-4263-8940-886DAF1BAD7D}.Release|Any CPU.Build.0 = Release|Any CPU
	EndGlobalSection
	GlobalSection(SolutionProperties) = preSolution
		HideSolutionNode = FALSE
	EndGlobalSection
	GlobalSection(ExtensibilityGlobals) = postSolution
		SolutionGuid = {24D46CE1-CE4A-4159-B25D-FFAEC5FA0ACB}
	EndGlobalSection
EndGlobal
